
Microsoft Visual Studio Solution File, Format Version 12.00
# Visual Studio Version 16
VisualStudioVersion = 16.0.33529.622
MinimumVisualStudioVersion = 10.0.40219.1
Project("{FAE04EC0-301F-11D3-BF4B-00C04F79EFBC}") = "demo", "demo.csproj", "{A6D82DBC-89A3-4E6D-A494-2241045C3630}"
EndProject
Project("{FAE04EC0-301F-11D3-BF4B-00C04F79EFBC}") = "Services", "..\Services\Services.csproj", "{13EF7A14-570E-4B6F-9D04-F7BFB14E550B}"
EndProject
Global
	GlobalSection(SolutionConfigurationPlatforms) = preSolution
		Debug|Any CPU = Debug|Any CPU
		Release|Any CPU = Release|Any CPU
	EndGlobalSection
	GlobalSection(ProjectConfigurationPlatforms) = postSolution
		{A6D82DBC-89A3-4E6D-A494-2241045C3630}.Debug|Any CPU.ActiveCfg = Debug|Any CPU
		{A6D82DBC-89A3-4E6D-A494-2241045C3630}.Debug|Any CPU.Build.0 = Debug|Any CPU
		{A6D82DBC-89A3-4E6D-A494-2241045C3630}.Release|Any CPU.ActiveCfg = Release|Any CPU
		{A6D82DBC-89A3-4E6D-A494-2241045C3630}.Release|Any CPU.Build.0 = Release|Any CPU
		{13EF7A14-570E-4B6F-9D04-F7BFB14E550B}.Debug|Any CPU.ActiveCfg = Debug|Any CPU
		{13EF7A14-570E-4B6F-9D04-F7BFB14E550B}.Debug|Any CPU.Build.0 = Debug|Any CPU
		{13EF7A14-570E-4B6F-9D04-F7BFB14E550B}.Release|Any CPU.ActiveCfg = Release|Any CPU
		{13EF7A14-570E-4B6F-9D04-F7BFB14E550B}.Release|Any CPU.Build.0 = Release|Any CPU
	EndGlobalSection
	GlobalSection(SolutionProperties) = preSolution
		HideSolutionNode = FALSE
	EndGlobalSection
	GlobalSection(ExtensibilityGlobals) = postSolution
		SolutionGuid = {045F79A7-1715-4BE3-9007-7194581BCB41}
	EndGlobalSection
EndGlobal
